PODS:
  - Alamofire (4.9.1)
  - CHTCollectionViewWaterfallLayout (0.9.7):
    - CHTCollectionViewWaterfallLayout/ObjC (= 0.9.7)
  - CHTCollectionViewWaterfallLayout/ObjC (0.9.7)
  - CocoaLumberjack/Core (3.6.0)
  - CocoaLumberjack/Swift (3.6.0):
    - CocoaLumberjack/Core
  - Crashlytics (3.13.4):
    - Fabric (~> 1.10.2)
  - Fabric (1.10.2)
  - FBRetainCycleDetector (0.1.4)
  - Firebase/Analytics (6.7.0):
    - Firebase/Core
  - Firebase/Core (6.7.0):
    - Firebase/CoreOnly
    - FirebaseAnalytics (= 6.1.1)
  - Firebase/CoreOnly (6.7.0):
    - FirebaseCore (= 6.2.1)
  - FirebaseAnalytics (6.1.1):
    - FirebaseCore (~> 6.2)
    - FirebaseInstanceID (~> 4.2)
    - GoogleAppMeasurement (= 6.1.1)
    - GoogleUtilities/AppDelegateSwizzler (~> 6.0)
    - GoogleUtilities/MethodSwizzler (~> 6.0)
    - GoogleUtilities/Network (~> 6.0)
    - "GoogleUtilities/NSData+zlib (~> 6.0)"
    - nanopb (~> 0.3)
  - FirebaseCore (6.2.1):
    - FirebaseCoreDiagnostics (~> 1.0)
    - FirebaseCoreDiagnosticsInterop (~> 1.0)
    - GoogleUtilities/Environment (~> 6.2)
    - GoogleUtilities/Logger (~> 6.2)
  - FirebaseCoreDiagnostics (1.1.1):
    - FirebaseCoreDiagnosticsInterop (~> 1.0)
    - GoogleDataTransportCCTSupport (~> 1.0)
    - GoogleUtilities/Environment (~> 6.2)
    - GoogleUtilities/Logger (~> 6.2)
    - nanopb (~> 0.3.901)
  - FirebaseCoreDiagnosticsInterop (1.1.0)
  - FirebaseInstanceID (4.2.7):
    - FirebaseCore (~> 6.0)
    - GoogleUtilities/Environment (~> 6.0)
    - GoogleUtilities/UserDefaults (~> 6.0)
  - FLAnimatedImage (1.0.12)
  - FLEX (3.0.0)
  - GoogleAppMeasurement (6.1.1):
    - GoogleUtilities/AppDelegateSwizzler (~> 6.0)
    - GoogleUtilities/MethodSwizzler (~> 6.0)
    - GoogleUtilities/Network (~> 6.0)
    - "GoogleUtilities/NSData+zlib (~> 6.0)"
    - nanopb (~> 0.3)
  - GoogleDataTransport (3.0.1)
  - GoogleDataTransportCCTSupport (1.2.1):
    - GoogleDataTransport (~> 3.0)
    - nanopb (~> 0.3.901)
  - GoogleUtilities/AppDelegateSwizzler (6.3.1):
    - GoogleUtilities/Environment
    - GoogleUtilities/Logger
    - GoogleUtilities/Network
  - GoogleUtilities/Environment (6.3.1)
  - GoogleUtilities/Logger (6.3.1):
    - GoogleUtilities/Environment
  - GoogleUtilities/MethodSwizzler (6.3.1):
    - GoogleUtilities/Logger
  - GoogleUtilities/Network (6.3.1):
    - GoogleUtilities/Logger
    - "GoogleUtilities/NSData+zlib"
    - GoogleUtilities/Reachability
  - "GoogleUtilities/NSData+zlib (6.3.1)"
  - GoogleUtilities/Reachability (6.3.1):
    - GoogleUtilities/Logger
  - GoogleUtilities/UserDefaults (6.3.1):
    - GoogleUtilities/Logger
  - JXCategoryView (1.5.2)
  - Kingfisher (5.9.0):
    - Kingfisher/Core (= 5.9.0)
  - Kingfisher/Core (5.9.0)
  - libwebp (1.0.3):
    - libwebp/demux (= 1.0.3)
    - libwebp/mux (= 1.0.3)
    - libwebp/webp (= 1.0.3)
  - libwebp/demux (1.0.3):
    - libwebp/webp
  - libwebp/mux (1.0.3):
    - libwebp/demux
  - libwebp/webp (1.0.3)
  - lottie-ios (3.1.5)
  - MJRefresh (3.2.0)
  - MLeaksFinder (1.0.0):
    - FBRetainCycleDetector
  - nanopb (0.3.9011):
    - nanopb/decode (= 0.3.9011)
    - nanopb/encode (= 0.3.9011)
  - nanopb/decode (0.3.9011)
  - nanopb/encode (0.3.9011)
  - ReactiveObjC (3.0.0)
  - SAMKeychain (1.5.3)
  - SDWebImage/Core (4.4.7)
  - SDWebImage/GIF (4.4.7):
    - FLAnimatedImage (~> 1.0)
    - SDWebImage/Core
  - SDWebImage/WebP (4.4.7):
    - libwebp (< 2.0, >= 0.5)
    - SDWebImage/Core
  - SnapKit (5.0.1)
  - SocketRocket (0.5.1)
  - SQLiteRepairKit (1.2.2):
    - WCDBOptimizedSQLCipher (~> 1.2.0)
  - SVProgressHUD (2.2.5)
  - SwiftyJSON (5.0.0)
  - WCDB (1.0.7.5):
    - SQLiteRepairKit (~> 1.2.0)
    - WCDBOptimizedSQLCipher (~> 1.2.0)
  - WCDBOptimizedSQLCipher (1.2.1)
  - ZipArchive (1.4.0)

DEPENDENCIES:
  - Alamofire
  - CHTCollectionViewWaterfallLayout (~> 0.9.7)
  - CocoaLumberjack/Swift
  - Crashlytics (~> 3.13.4)
  - Fabric (~> 1.10.2)
  - Firebase/Analytics (~> 6.7.0)
  - FLAnimatedImage
  - FLEX
  - JXCategoryView
  - Kingfisher
  - lottie-ios
  - MJRefresh
  - MLeaksFinder
  - ReactiveObjC (~> 3.0.0)
  - SAMKeychain (~> 1.5.2)
  - SDWebImage/GIF
  - SDWebImage/WebP
  - SnapKit
  - SocketRocket
  - SVProgressHUD
  - SwiftyJSON
  - WCDB (~> 1.0.7.4)
  - ZipArchive

SPEC REPOS:
  https://github.com/cocoapods/specs.git:
    - Alamofire
    - CHTCollectionViewWaterfallLayout
    - CocoaLumberjack
    - Crashlytics
    - Fabric
    - FBRetainCycleDetector
    - Firebase
    - FirebaseAnalytics
    - FirebaseCore
    - FirebaseCoreDiagnostics
    - FirebaseCoreDiagnosticsInterop
    - FirebaseInstanceID
    - FLAnimatedImage
    - FLEX
    - GoogleAppMeasurement
    - GoogleDataTransport
    - GoogleDataTransportCCTSupport
    - GoogleUtilities
    - JXCategoryView
    - Kingfisher
    - libwebp
    - lottie-ios
    - MJRefresh
    - MLeaksFinder
    - nanopb
    - ReactiveObjC
    - SAMKeychain
    - SDWebImage
    - SnapKit
    - SocketRocket
    - SQLiteRepairKit
    - SVProgressHUD
    - SwiftyJSON
    - WCDB
    - WCDBOptimizedSQLCipher
    - ZipArchive

SPEC CHECKSUMS:
  Alamofire: 85e8a02c69d6020a0d734f6054870d7ecb75cf18
  CHTCollectionViewWaterfallLayout: 9d11068fafecac106695bb5a5d6d0f738483b598
  CocoaLumberjack: 78b0c238666f4f58db069738ec176f4519557516
  Crashlytics: 2dfd686bcb918dc10ee0e76f7f853fe42c7bd552
  Fabric: 706c8b8098fff96c33c0db69cbf81f9c551d0d74
  FBRetainCycleDetector: 46f8179bbb1c587deee3ea838a1a3ee02acf5015
  Firebase: 291d7b0a7b393f252358083b5d224884126fa46d
  FirebaseAnalytics: 843c7f64a8f9c79f0d03281197ebe7bb1d58d477
  FirebaseCore: 32b48f41c84a56fbde73b35ed01a830b3b6dc048
  FirebaseCoreDiagnostics: af29e43048607588c050889d19204f4d7b758c9f
  FirebaseCoreDiagnosticsInterop: e9b1b023157e3a2fc6418b5cb601e79b9af7b3a0
  FirebaseInstanceID: ebd2ea79ee38db0cb5f5167b17a0d387e1cc7b6e
  FLAnimatedImage: 4a0b56255d9b05f18b6dd7ee06871be5d3b89e31
  FLEX: d66c759bce0f6ebbbf472c742380874d846f2883
  GoogleAppMeasurement: 86a82f0e1f20b8eedf8e20326530138fd71409de
  GoogleDataTransport: 166f9b9f82cbf60a204e8fe2daa9db3e3ec1fb15
  GoogleDataTransportCCTSupport: f6ab1962e9dc05ab1fb938b795e5b310209edeec
  GoogleUtilities: f895fde57977df4e0233edda0dbeac490e3703b6
  JXCategoryView: b284d35a7a8772eada05dd78642233e1eb763ea8
  Kingfisher: ff98240aebb7302bdc4f1ecd701761030ce18b16
  libwebp: 057912d6d0abfb6357d8bb05c0ea470301f5d61e
  lottie-ios: 32bf84389337d86fbc8b12266e88452e0abf1dee
  MJRefresh: ed450d6eb9d3346a2cb033ab7eb6de090aeef437
  MLeaksFinder: 8c435bd2f6d070af18cff082b503b21adc130fc0
  nanopb: 18003b5e52dab79db540fe93fe9579f399bd1ccd
  ReactiveObjC: ce79989e8684b9086b5f8d0c74bc7b81a8729c9e
  SAMKeychain: 483e1c9f32984d50ca961e26818a534283b4cd5c
  SDWebImage: c10d14a8883ebd89664f02a422006f66a85c0c5d
  SnapKit: 97b92857e3df3a0c71833cce143274bf6ef8e5eb
  SocketRocket: d57c7159b83c3c6655745cd15302aa24b6bae531
  SQLiteRepairKit: 35aaae5a8838adb85f5b1eb4d796055be6060a4b
  SVProgressHUD: 1428aafac632c1f86f62aa4243ec12008d7a51d6
  SwiftyJSON: 36413e04c44ee145039d332b4f4e2d3e8d6c4db7
  WCDB: 8e90babdeb7784c569353a4bd22a66c0a175a882
  WCDBOptimizedSQLCipher: baf44493b0c7a3d49e97bc5b64a3856f6428ddd1
  ZipArchive: e25a4373192673e3229ac8d6e9f64a3e5713c966

PODFILE CHECKSUM: cc0830e61ee67de79db524f4413068427b635eae

COCOAPODS: 1.7.4
